{
  "name": "maxtruck_frontend",
  "version": "1.0.0",
  "lockfileVersion": 3,
  "requires": true,
  "packages": {
    "": {
      "name": "maxtruck_frontend",
      "version": "1.0.0",
      "license": "ISC",
      "dependencies": {
        "here-js-api": "^2.0.0"
      },
      "devDependencies": {
        "@types/heremaps": "^3.1.14"
      }
    },
    "node_modules/@types/heremaps": {
      "version": "3.1.14",
      "resolved": "https://registry.npmjs.org/@types/heremaps/-/heremaps-3.1.14.tgz",
      "integrity": "sha512-jB0VomahI9fJjde6Fwn+nwnDcBFgJNGd4SQSN4pNq0GPImNKJdzgEKO+Ea+uKcWi6iB/ZiWbcpMZqCs3Qu+0QQ==",
      "dev": true
    },
    "node_modules/here-js-api": {
      "version": "2.0.0",
      "resolved": "https://registry.npmjs.org/here-js-api/-/here-js-api-2.0.0.tgz",
      "integrity": "sha512-E7SyJ86dv2w/y1oe+LH9n4rFSwYw5wAXvbJHoMin4/XVGgQLOkj2fdjLeZ+A18yAWtfu65ak9K5GwZKf53WJPg=="
    }
  }
}
